
Microsoft Visual Studio Solution File, Format Version 9.00
# Visual Studio 2005
Project("{8BC9CEB8-8B4A-11D0-8D11-00A0C91BC942}") = "wuygDll", "wuygDll\wuygDll.vcproj", "{745A7D3F-A0CA-49BE-BB1B-1E85547426D0}"
EndProject
Project("{8BC9CEB8-8B4A-11D0-8D11-00A0C91BC942}") = "dllUser", "dllUser\dllUser.vcproj", "{D2A552B0-9603-49FD-B7D0-E423BC6EAF05}"
EndProject
Global
	GlobalSection(SolutionConfigurationPlatforms) = preSolution
		Debug|Win32 = Debug|Win32
		Release|Win32 = Release|Win32
	EndGlobalSection
	GlobalSection(ProjectConfigurationPlatforms) = postSolution
		{745A7D3F-A0CA-49BE-BB1B-1E85547426D0}.Debug|Win32.ActiveCfg = Debug|Win32
		{745A7D3F-A0CA-49BE-BB1B-1E85547426D0}.Debug|Win32.Build.0 = Debug|Win32
		{745A7D3F-A0CA-49BE-BB1B-1E85547426D0}.Release|Win32.ActiveCfg = Release|Win32
		{745A7D3F-A0CA-49BE-BB1B-1E85547426D0}.Release|Win32.Build.0 = Release|Win32
		{D2A552B0-9603-49FD-B7D0-E423BC6EAF05}.Debug|Win32.ActiveCfg = Debug|Win32
		{D2A552B0-9603-49FD-B7D0-E423BC6EAF05}.Debug|Win32.Build.0 = Debug|Win32
		{D2A552B0-9603-49FD-B7D0-E423BC6EAF05}.Release|Win32.ActiveCfg = Release|Win32
		{D2A552B0-9603-49FD-B7D0-E423BC6EAF05}.Release|Win32.Build.0 = Release|Win32
	EndGlobalSection
	GlobalSection(SolutionProperties) = preSolution
		HideSolutionNode = FALSE
	EndGlobalSection
EndGlobal
